
Microsoft Visual Studio Solution File, Format Version 12.00
# Visual Studio Version 17
VisualStudioVersion = 17.14.36623.8 d17.14
MinimumVisualStudioVersion = 10.0.40219.1
Project("{FAE04EC0-301F-11D3-BF4B-00C04F79EFBC}") = "EnemyDrops", "EnemyDrops.csproj", "{90B5515C-12FB-4528-9227-0AC7348EC863}"
EndProject
Project("{FAE04EC0-301F-11D3-BF4B-00C04F79EFBC}") = "Assembly-CSharp", "..\..\..\..\REPO_PassiveEnergy\repo_decompiled_code\Assembly-CSharp.csproj", "{5E51E67C-8CE4-F459-A29B-0CC45E9EAC9D}"
EndProject
Global
	GlobalSection(SolutionConfigurationPlatforms) = preSolution
		Debug|Any CPU = Debug|Any CPU
		Release|Any CPU = Release|Any CPU
	EndGlobalSection
	GlobalSection(ProjectConfigurationPlatforms) = postSolution
		{90B5515C-12FB-4528-9227-0AC7348EC863}.Debug|Any CPU.ActiveCfg = Debug|Any CPU
		{90B5515C-12FB-4528-9227-0AC7348EC863}.Debug|Any CPU.Build.0 = Debug|Any CPU
		{90B5515C-12FB-4528-9227-0AC7348EC863}.Release|Any CPU.ActiveCfg = Release|Any CPU
		{90B5515C-12FB-4528-9227-0AC7348EC863}.Release|Any CPU.Build.0 = Release|Any CPU
		{5E51E67C-8CE4-F459-A29B-0CC45E9EAC9D}.Debug|Any CPU.ActiveCfg = Debug|Any CPU
		{5E51E67C-8CE4-F459-A29B-0CC45E9EAC9D}.Debug|Any CPU.Build.0 = Debug|Any CPU
		{5E51E67C-8CE4-F459-A29B-0CC45E9EAC9D}.Release|Any CPU.ActiveCfg = Release|Any CPU
		{5E51E67C-8CE4-F459-A29B-0CC45E9EAC9D}.Release|Any CPU.Build.0 = Release|Any CPU
	EndGlobalSection
	GlobalSection(SolutionProperties) = preSolution
		HideSolutionNode = FALSE
	EndGlobalSection
	GlobalSection(ExtensibilityGlobals) = postSolution
		SolutionGuid = {612F78C9-823B-44D1-9D4C-F180AF210CAE}
	EndGlobalSection
EndGlobal
